
Microsoft Visual Studio Solution File, Format Version 12.00
# Visual Studio Version 16
VisualStudioVersion = 16.0.29613.14
MinimumVisualStudioVersion = 10.0.40219.1
Project("{8BC9CEB8-8B4A-11D0-8D11-00A0C91BC942}") = "Platform.Delegates.Tests.Console", "cpp\Platform.Delegates.Tests.Console\Platform.Delegates.Tests.Console.vcxproj", "{40F241F1-7376-4D22-8CD6-670533E9286F}"
	ProjectSection(ProjectDependencies) = postProject
		{C9325BAC-3C01-497C-B7DE-58997EE9CC3A} = {C9325BAC-3C01-497C-B7DE-58997EE9CC3A}
	EndProjectSection
EndProject
Project("{8BC9CEB8-8B4A-11D0-8D11-00A0C91BC942}") = "Platform.Delegates.Tests.NuGet.Console", "cpp\Platform.Delegates.Tests.NuGet.Console\Platform.Delegates.Tests.NuGet.Console.vcxproj", "{BC9C7BD8-91DB-4490-8DBF-274522B95660}"
EndProject
Project("{2150E333-8FDC-42A3-9474-1A3956D46DE8}") = "Solution Items", "Solution Items", "{80F27506-4740-4FE2-8694-C0A0D240715A}"
	ProjectSection(SolutionItems) = preProject
		NuGet.Config = NuGet.Config
	EndProjectSection
EndProject
Project("{8BC9CEB8-8B4A-11D0-8D11-00A0C91BC942}") = "Platform.Delegates.TemplateLibrary", "cpp\Platform.Delegates\Platform.Delegates.TemplateLibrary.vcxproj", "{C9325BAC-3C01-497C-B7DE-58997EE9CC3A}"
EndProject
Project("{FAE04EC0-301F-11D3-BF4B-00C04F79EFBC}") = "Platform.Delegates", "Platform.Delegates\Platform.Delegates.csproj", "{7C61A172-4DE6-4F61-9560-AC1AAA81C282}"
EndProject
Global
	GlobalSection(SolutionConfigurationPlatforms) = preSolution
		Debug|ARM = Debug|ARM
		Debug|ARM64 = Debug|ARM64
		Debug|x64 = Debug|x64
		Debug|x86 = Debug|x86
		Release|ARM = Release|ARM
		Release|ARM64 = Release|ARM64
		Release|x64 = Release|x64
		Release|x86 = Release|x86
		Test|ARM = Test|ARM
		Test|ARM64 = Test|ARM64
		Test|x64 = Test|x64
		Test|x86 = Test|x86
	EndGlobalSection
	GlobalSection(ProjectConfigurationPlatforms) = postSolution
		{40F241F1-7376-4D22-8CD6-670533E9286F}.Debug|ARM.ActiveCfg = Debug|Win32
		{40F241F1-7376-4D22-8CD6-670533E9286F}.Debug|ARM64.ActiveCfg = Debug|Win32
		{40F241F1-7376-4D22-8CD6-670533E9286F}.Debug|x64.ActiveCfg = Debug|x64
		{40F241F1-7376-4D22-8CD6-670533E9286F}.Debug|x64.Build.0 = Debug|x64
		{40F241F1-7376-4D22-8CD6-670533E9286F}.Debug|x86.ActiveCfg = Debug|Win32
		{40F241F1-7376-4D22-8CD6-670533E9286F}.Debug|x86.Build.0 = Debug|Win32
		{40F241F1-7376-4D22-8CD6-670533E9286F}.Release|ARM.ActiveCfg = Release|Win32
		{40F241F1-7376-4D22-8CD6-670533E9286F}.Release|ARM64.ActiveCfg = Release|Win32
		{40F241F1-7376-4D22-8CD6-670533E9286F}.Release|x64.ActiveCfg = Release|x64
		{40F241F1-7376-4D22-8CD6-670533E9286F}.Release|x64.Build.0 = Release|x64
		{40F241F1-7376-4D22-8CD6-670533E9286F}.Release|x86.ActiveCfg = Release|Win32
		{40F241F1-7376-4D22-8CD6-670533E9286F}.Release|x86.Build.0 = Release|Win32
		{40F241F1-7376-4D22-8CD6-670533E9286F}.Test|ARM.ActiveCfg = Test|Win32
		{40F241F1-7376-4D22-8CD6-670533E9286F}.Test|ARM64.ActiveCfg = Test|Win32
		{40F241F1-7376-4D22-8CD6-670533E9286F}.Test|x64.ActiveCfg = Test|x64
		{40F241F1-7376-4D22-8CD6-670533E9286F}.Test|x64.Build.0 = Test|x64
		{40F241F1-7376-4D22-8CD6-670533E9286F}.Test|x86.ActiveCfg = Test|Win32
		{40F241F1-7376-4D22-8CD6-670533E9286F}.Test|x86.Build.0 = Test|Win32
		{BC9C7BD8-91DB-4490-8DBF-274522B95660}.Debug|ARM.ActiveCfg = Debug|Win32
		{BC9C7BD8-91DB-4490-8DBF-274522B95660}.Debug|ARM64.ActiveCfg = Debug|Win32
		{BC9C7BD8-91DB-4490-8DBF-274522B95660}.Debug|x64.ActiveCfg = Debug|x64
		{BC9C7BD8-91DB-4490-8DBF-274522B95660}.Debug|x64.Build.0 = Debug|x64
		{BC9C7BD8-91DB-4490-8DBF-274522B95660}.Debug|x86.ActiveCfg = Debug|Win32
		{BC9C7BD8-91DB-4490-8DBF-274522B95660}.Debug|x86.Build.0 = Debug|Win32
		{BC9C7BD8-91DB-4490-8DBF-274522B95660}.Release|ARM.ActiveCfg = Release|Win32
		{BC9C7BD8-91DB-4490-8DBF-274522B95660}.Release|ARM64.ActiveCfg = Release|Win32
		{BC9C7BD8-91DB-4490-8DBF-274522B95660}.Release|x64.ActiveCfg = Release|x64
		{BC9C7BD8-91DB-4490-8DBF-274522B95660}.Release|x64.Build.0 = Release|x64
		{BC9C7BD8-91DB-4490-8DBF-274522B95660}.Release|x86.ActiveCfg = Release|Win32
		{BC9C7BD8-91DB-4490-8DBF-274522B95660}.Release|x86.Build.0 = Release|Win32
		{BC9C7BD8-91DB-4490-8DBF-274522B95660}.Test|ARM.ActiveCfg = Test|Win32
		{BC9C7BD8-91DB-4490-8DBF-274522B95660}.Test|ARM64.ActiveCfg = Test|Win32
		{BC9C7BD8-91DB-4490-8DBF-274522B95660}.Test|x64.ActiveCfg = Test|x64
		{BC9C7BD8-91DB-4490-8DBF-274522B95660}.Test|x86.ActiveCfg = Test|Win32
		{C9325BAC-3C01-497C-B7DE-58997EE9CC3A}.Debug|ARM.ActiveCfg = Debug|Win32
		{C9325BAC-3C01-497C-B7DE-58997EE9CC3A}.Debug|ARM64.ActiveCfg = Debug|Win32
		{C9325BAC-3C01-497C-B7DE-58997EE9CC3A}.Debug|x64.ActiveCfg = Debug|x64
		{C9325BAC-3C01-497C-B7DE-58997EE9CC3A}.Debug|x64.Build.0 = Debug|x64
		{C9325BAC-3C01-497C-B7DE-58997EE9CC3A}.Debug|x86.ActiveCfg = Debug|Win32
		{C9325BAC-3C01-497C-B7DE-58997EE9CC3A}.Debug|x86.Build.0 = Debug|Win32
		{C9325BAC-3C01-497C-B7DE-58997EE9CC3A}.Release|ARM.ActiveCfg = Release|Win32
		{C9325BAC-3C01-497C-B7DE-58997EE9CC3A}.Release|ARM64.ActiveCfg = Release|Win32
		{C9325BAC-3C01-497C-B7DE-58997EE9CC3A}.Release|x64.ActiveCfg = Release|x64
		{C9325BAC-3C01-497C-B7DE-58997EE9CC3A}.Release|x64.Build.0 = Release|x64
		{C9325BAC-3C01-497C-B7DE-58997EE9CC3A}.Release|x86.ActiveCfg = Release|Win32
		{C9325BAC-3C01-497C-B7DE-58997EE9CC3A}.Release|x86.Build.0 = Release|Win32
		{C9325BAC-3C01-497C-B7DE-58997EE9CC3A}.Test|ARM.ActiveCfg = Test|Win32
		{C9325BAC-3C01-497C-B7DE-58997EE9CC3A}.Test|ARM64.ActiveCfg = Test|Win32
		{C9325BAC-3C01-497C-B7DE-58997EE9CC3A}.Test|x64.ActiveCfg = Test|x64
		{C9325BAC-3C01-497C-B7DE-58997EE9CC3A}.Test|x64.Build.0 = Test|x64
		{C9325BAC-3C01-497C-B7DE-58997EE9CC3A}.Test|x86.ActiveCfg = Test|Win32
		{C9325BAC-3C01-497C-B7DE-58997EE9CC3A}.Test|x86.Build.0 = Test|Win32
		{7C61A172-4DE6-4F61-9560-AC1AAA81C282}.Debug|ARM.ActiveCfg = Debug|Any CPU
		{7C61A172-4DE6-4F61-9560-AC1AAA81C282}.Debug|ARM.Build.0 = Debug|Any CPU
		{7C61A172-4DE6-4F61-9560-AC1AAA81C282}.Debug|ARM64.ActiveCfg = Debug|Any CPU
		{7C61A172-4DE6-4F61-9560-AC1AAA81C282}.Debug|ARM64.Build.0 = Debug|Any CPU
		{7C61A172-4DE6-4F61-9560-AC1AAA81C282}.Debug|x64.ActiveCfg = Debug|Any CPU
		{7C61A172-4DE6-4F61-9560-AC1AAA81C282}.Debug|x64.Build.0 = Debug|Any CPU
		{7C61A172-4DE6-4F61-9560-AC1AAA81C282}.Debug|x86.ActiveCfg = Debug|Any CPU
		{7C61A172-4DE6-4F61-9560-AC1AAA81C282}.Debug|x86.Build.0 = Debug|Any CPU
		{7C61A172-4DE6-4F61-9560-AC1AAA81C282}.Release|ARM.ActiveCfg = Release|Any CPU
		{7C61A172-4DE6-4F61-9560-AC1AAA81C282}.Release|ARM.Build.0 = Release|Any CPU
		{7C61A172-4DE6-4F61-9560-AC1AAA81C282}.Release|ARM64.ActiveCfg = Release|Any CPU
		{7C61A172-4DE6-4F61-9560-AC1AAA81C282}.Release|ARM64.Build.0 = Release|Any CPU
		{7C61A172-4DE6-4F61-9560-AC1AAA81C282}.Release|x64.ActiveCfg = Release|Any CPU
		{7C61A172-4DE6-4F61-9560-AC1AAA81C282}.Release|x64.Build.0 = Release|Any CPU
		{7C61A172-4DE6-4F61-9560-AC1AAA81C282}.Release|x86.ActiveCfg = Release|Any CPU
		{7C61A172-4DE6-4F61-9560-AC1AAA81C282}.Release|x86.Build.0 = Release|Any CPU
		{7C61A172-4DE6-4F61-9560-AC1AAA81C282}.Test|ARM.ActiveCfg = Debug|Any CPU
		{7C61A172-4DE6-4F61-9560-AC1AAA81C282}.Test|ARM.Build.0 = Debug|Any CPU
		{7C61A172-4DE6-4F61-9560-AC1AAA81C282}.Test|ARM64.ActiveCfg = Debug|Any CPU
		{7C61A172-4DE6-4F61-9560-AC1AAA81C282}.Test|ARM64.Build.0 = Debug|Any CPU
		{7C61A172-4DE6-4F61-9560-AC1AAA81C282}.Test|x64.ActiveCfg = Debug|Any CPU
		{7C61A172-4DE6-4F61-9560-AC1AAA81C282}.Test|x64.Build.0 = Debug|Any CPU
		{7C61A172-4DE6-4F61-9560-AC1AAA81C282}.Test|x86.ActiveCfg = Debug|Any CPU
		{7C61A172-4DE6-4F61-9560-AC1AAA81C282}.Test|x86.Build.0 = Debug|Any CPU
	EndGlobalSection
	GlobalSection(SolutionProperties) = preSolution
		HideSolutionNode = FALSE
	EndGlobalSection
	GlobalSection(ExtensibilityGlobals) = postSolution
		SolutionGuid = {9AFE71FD-E16B-4D13-926E-48D85F6DE529}
	EndGlobalSection
EndGlobal
